
Microsoft Visual Studio Solution File, Format Version 12.00
# Visual Studio Version 17
VisualStudioVersion = 17.7.34221.43
MinimumVisualStudioVersion = 10.0.40219.1
Project("{9A19103F-16F7-4668-BE54-9A1E7A4F7556}") = "SRP", "SRP\SRP.csproj", "{3872F957-F600-48A5-8DE6-8613DC321535}"
EndProject
Project("{9A19103F-16F7-4668-BE54-9A1E7A4F7556}") = "Principio_OCP", "Principio_OCP\Principio_OCP.csproj", "{535E7174-FC03-4CE0-AC4C-53E24FC7E55E}"
EndProject
Project("{FAE04EC0-301F-11D3-BF4B-00C04F79EFBC}") = "Exercicio_OCP", "Exercicio_OCP\Exercicio_OCP.csproj", "{84EA798F-DE39-43D5-8139-1A13F035B4BE}"
EndProject
Project("{FAE04EC0-301F-11D3-BF4B-00C04F79EFBC}") = "LSP_Violacao", "LSP_Violacao\LSP_Violacao.csproj", "{FB5D941F-3EFD-41E3-B599-A2CBDF7F35BB}"
EndProject
Project("{FAE04EC0-301F-11D3-BF4B-00C04F79EFBC}") = "LSP_Correcao", "LSP_Correcao\LSP_Correcao.csproj", "{D2526314-32E5-4D3E-90E0-0F6D7970F99E}"
EndProject
Global
	GlobalSection(SolutionConfigurationPlatforms) = preSolution
		Debug|Any CPU = Debug|Any CPU
		Release|Any CPU = Release|Any CPU
	EndGlobalSection
	GlobalSection(ProjectConfigurationPlatforms) = postSolution
		{3872F957-F600-48A5-8DE6-8613DC321535}.Debug|Any CPU.ActiveCfg = Debug|Any CPU
		{3872F957-F600-48A5-8DE6-8613DC321535}.Debug|Any CPU.Build.0 = Debug|Any CPU
		{3872F957-F600-48A5-8DE6-8613DC321535}.Release|Any CPU.ActiveCfg = Release|Any CPU
		{3872F957-F600-48A5-8DE6-8613DC321535}.Release|Any CPU.Build.0 = Release|Any CPU
		{535E7174-FC03-4CE0-AC4C-53E24FC7E55E}.Debug|Any CPU.ActiveCfg = Debug|Any CPU
		{535E7174-FC03-4CE0-AC4C-53E24FC7E55E}.Debug|Any CPU.Build.0 = Debug|Any CPU
		{535E7174-FC03-4CE0-AC4C-53E24FC7E55E}.Release|Any CPU.ActiveCfg = Release|Any CPU
		{535E7174-FC03-4CE0-AC4C-53E24FC7E55E}.Release|Any CPU.Build.0 = Release|Any CPU
		{84EA798F-DE39-43D5-8139-1A13F035B4BE}.Debug|Any CPU.ActiveCfg = Debug|Any CPU
		{84EA798F-DE39-43D5-8139-1A13F035B4BE}.Debug|Any CPU.Build.0 = Debug|Any CPU
		{84EA798F-DE39-43D5-8139-1A13F035B4BE}.Release|Any CPU.ActiveCfg = Release|Any CPU
		{84EA798F-DE39-43D5-8139-1A13F035B4BE}.Release|Any CPU.Build.0 = Release|Any CPU
		{FB5D941F-3EFD-41E3-B599-A2CBDF7F35BB}.Debug|Any CPU.ActiveCfg = Debug|Any CPU
		{FB5D941F-3EFD-41E3-B599-A2CBDF7F35BB}.Debug|Any CPU.Build.0 = Debug|Any CPU
		{FB5D941F-3EFD-41E3-B599-A2CBDF7F35BB}.Release|Any CPU.ActiveCfg = Release|Any CPU
		{FB5D941F-3EFD-41E3-B599-A2CBDF7F35BB}.Release|Any CPU.Build.0 = Release|Any CPU
		{D2526314-32E5-4D3E-90E0-0F6D7970F99E}.Debug|Any CPU.ActiveCfg = Debug|Any CPU
		{D2526314-32E5-4D3E-90E0-0F6D7970F99E}.Debug|Any CPU.Build.0 = Debug|Any CPU
		{D2526314-32E5-4D3E-90E0-0F6D7970F99E}.Release|Any CPU.ActiveCfg = Release|Any CPU
		{D2526314-32E5-4D3E-90E0-0F6D7970F99E}.Release|Any CPU.Build.0 = Release|Any CPU
	EndGlobalSection
	GlobalSection(SolutionProperties) = preSolution
		HideSolutionNode = FALSE
	EndGlobalSection
	GlobalSection(ExtensibilityGlobals) = postSolution
		SolutionGuid = {E4D15EFB-56E5-42A5-9D6C-D5379C253782}
	EndGlobalSection
EndGlobal
