
Microsoft Visual Studio Solution File, Format Version 12.00
# Visual Studio Version 17
VisualStudioVersion = 17.7.34221.43
MinimumVisualStudioVersion = 10.0.40219.1
Project("{9A19103F-16F7-4668-BE54-9A1E7A4F7556}") = "Exemplo_OCP", "Exemplo_OCP\Exemplo_OCP.csproj", "{52977A81-10AE-4104-A75F-A7D60BC6C9CD}"
EndProject
Project("{9A19103F-16F7-4668-BE54-9A1E7A4F7556}") = "Exercicio_OCP", "Exercicio_OCP\Exercicio_OCP.csproj", "{5D5B1A7C-8FD2-4FDC-9BC0-1F6734339F33}"
EndProject
Global
	GlobalSection(SolutionConfigurationPlatforms) = preSolution
		Debug|Any CPU = Debug|Any CPU
		Release|Any CPU = Release|Any CPU
	EndGlobalSection
	GlobalSection(ProjectConfigurationPlatforms) = postSolution
		{52977A81-10AE-4104-A75F-A7D60BC6C9CD}.Debug|Any CPU.ActiveCfg = Debug|Any CPU
		{52977A81-10AE-4104-A75F-A7D60BC6C9CD}.Debug|Any CPU.Build.0 = Debug|Any CPU
		{52977A81-10AE-4104-A75F-A7D60BC6C9CD}.Release|Any CPU.ActiveCfg = Release|Any CPU
		{52977A81-10AE-4104-A75F-A7D60BC6C9CD}.Release|Any CPU.Build.0 = Release|Any CPU
		{5D5B1A7C-8FD2-4FDC-9BC0-1F6734339F33}.Debug|Any CPU.ActiveCfg = Debug|Any CPU
		{5D5B1A7C-8FD2-4FDC-9BC0-1F6734339F33}.Debug|Any CPU.Build.0 = Debug|Any CPU
		{5D5B1A7C-8FD2-4FDC-9BC0-1F6734339F33}.Release|Any CPU.ActiveCfg = Release|Any CPU
		{5D5B1A7C-8FD2-4FDC-9BC0-1F6734339F33}.Release|Any CPU.Build.0 = Release|Any CPU
	EndGlobalSection
	GlobalSection(SolutionProperties) = preSolution
		HideSolutionNode = FALSE
	EndGlobalSection
	GlobalSection(ExtensibilityGlobals) = postSolution
		SolutionGuid = {7F47F34A-4D20-4F2C-9191-3A1A0CCA7D76}
	EndGlobalSection
EndGlobal
